// !$*UTF8*$!
{
	archiveVersion = 1;
	classes = {
	};
	objectVersion = 77;
	objects = {

/* Begin PBXContainerItemProxy section */
		1AD8D09F2EF136A100656F6F /* PBXContainerItemProxy */ = {
			isa = PBXContainerItemProxy;
			containerPortal = 1AD8D0892EF136A000656F6F /* Project object */;
			proxyType = 1;
			remoteGlobalIDString = 1AD8D0902EF136A000656F6F;
			remoteInfo = EduardoKirk;
		};
		1AD8D0A92EF136A100656F6F /* PBXContainerItemProxy */ = {
			isa = PBXContainerItemProxy;
			containerPortal = 1AD8D0892EF136A000656F6F /* Project object */;
			proxyType = 1;
			remoteGlobalIDString = 1AD8D0902EF136A000656F6F;
			remoteInfo = EduardoKirk;
		};
/* End PBXContainerItemProxy section */

/* Begin PBXCopyFilesBuildPhase section */
		1A3566532EF2F3FC00AF587A /* CopyFiles */ = {
			isa = PBXCopyFilesBuildPhase;
			buildActionMask = 2147483647;
			dstPath = /usr/share/man/man1/;
			dstSubfolderSpec = 0;
			files = (
			);
			runOnlyForDeploymentPostprocessing = 1;
		};
/* End PBXCopyFilesBuildPhase section */

/* Begin PBXFileReference section */
		1A3566552EF2F3FC00AF587A /* EduardoKirkCommand */ = {isa = PBXFileReference; explicitFileType = "compiled.mach-o.executable"; includeInIndex = 0; path = EduardoKirkCommand; sourceTree = BUILT_PRODUCTS_DIR; };
		1AD8D0912EF136A000656F6F /* EduardoKirk.app */ = {isa = PBXFileReference; explicitFileType = wrapper.application; includeInIndex = 0; path = EduardoKirk.app; sourceTree = BUILT_PRODUCTS_DIR; };
		1AD8D09E2EF136A100656F6F /* EduardoKirkTests.xctest */ = {isa = PBXFileReference; explicitFileType = wrapper.cfbundle; includeInIndex = 0; path = EduardoKirkTests.xctest; sourceTree = BUILT_PRODUCTS_DIR; };
		1AD8D0A82EF136A100656F6F /* EduardoKirkUITests.xctest */ = {isa = PBXFileReference; explicitFileType = wrapper.cfbundle; includeInIndex = 0; path = EduardoKirkUITests.xctest; sourceTree = BUILT_PRODUCTS_DIR; };
/* End PBXFileReference section */

/* Begin PBXFileSystemSynchronizedRootGroup section */
		1A3566562EF2F3FC00AF587A /* EduardoKirkCommand */ = {
			isa = PBXFileSystemSynchronizedRootGroup;
			path = EduardoKirkCommand;
			sourceTree = "<group>";
		};
		1AD8D0932EF136A000656F6F /* EduardoKirk */ = {
			isa = PBXFileSystemSynchronizedRootGroup;
			path = EduardoKirk;
			sourceTree = "<group>";
		};
		1AD8D0A12EF136A100656F6F /* EduardoKirkTests */ = {
			isa = PBXFileSystemSynchronizedRootGroup;
			path = EduardoKirkTests;
			sourceTree = "<group>";
		};
		1AD8D0AB2EF136A100656F6F /* EduardoKirkUITests */ = {
			isa = PBXFileSystemSynchronizedRootGroup;
			path = EduardoKirkUITests;
			sourceTree = "<group>";
		};
/* End PBXFileSystemSynchronizedRootGroup section */

/* Begin PBXFrameworksBuildPhase section */
		1A3566522EF2F3FC00AF587A /* Frameworks */ = {
			isa = PBXFrameworksBuildPhase;
			buildActionMask = 2147483647;
			files = (
			);
			runOnlyForDeploymentPostprocessing = 0;
		};
		1AD8D08E2EF136A000656F6F /* Frameworks */ = {
			isa = PBXFrameworksBuildPhase;
			buildActionMask = 2147483647;
			files = (
			);
			runOnlyForDeploymentPostprocessing = 0;
		};
		1AD8D09B2EF136A100656F6F /* Frameworks */ = {
			isa = PBXFrameworksBuildPhase;
			buildActionMask = 2147483647;
			files = (
			);
			runOnlyForDeploymentPostprocessing = 0;
		};
		1AD8D0A52EF136A100656F6F /* Frameworks */ = {
			isa = PBXFrameworksBuildPhase;
			buildActionMask = 2147483647;
			files = (
			);
			runOnlyForDeploymentPostprocessing = 0;
		};
/* End PBXFrameworksBuildPhase section */

/* Begin PBXGroup section */
		1AD8D0882EF136A000656F6F = {
			isa = PBXGroup;
			children = (
				1AD8D0932EF136A000656F6F /* EduardoKirk */,
				1AD8D0A12EF136A100656F6F /* EduardoKirkTests */,
				1AD8D0AB2EF136A100656F6F /* EduardoKirkUITests */,
				1A3566562EF2F3FC00AF587A /* EduardoKirkCommand */,
				1AD8D0922EF136A000656F6F /* Products */,
			);
			sourceTree = "<group>";
		};
		1AD8D0922EF136A000656F6F /* Products */ = {
			isa = PBXGroup;
			children = (
				1AD8D0912EF136A000656F6F /* EduardoKirk.app */,
				1AD8D09E2EF136A100656F6F /* EduardoKirkTests.xctest */,
				1AD8D0A82EF136A100656F6F /* EduardoKirkUITests.xctest */,
				1A3566552EF2F3FC00AF587A /* EduardoKirkCommand */,
			);
			name = Products;
			sourceTree = "<group>";
		};
/* End PBXGroup section */

/* Begin PBXNativeTarget section */
		1A3566542EF2F3FC00AF587A /* EduardoKirkCommand */ = {
			isa = PBXNativeTarget;
			buildConfigurationList = 1A35665B2EF2F3FC00AF587A /* Build configuration list for PBXNativeTarget "EduardoKirkCommand" */;
			buildPhases = (
				1A3566512EF2F3FC00AF587A /* Sources */,
				1A3566522EF2F3FC00AF587A /* Frameworks */,
				1A3566532EF2F3FC00AF587A /* CopyFiles */,
			);
			buildRules = (
			);
			dependencies = (
			);
			fileSystemSynchronizedGroups = (
				1A3566562EF2F3FC00AF587A /* EduardoKirkCommand */,
			);
			name = EduardoKirkCommand;
			packageProductDependencies = (
			);
			productName = EduardoKirkCommand;
			productReference = 1A3566552EF2F3FC00AF587A /* EduardoKirkCommand */;
			productType = "com.apple.product-type.tool";
		};
		1AD8D0902EF136A000656F6F /* EduardoKirk */ = {
			isa = PBXNativeTarget;
			buildConfigurationList = 1AD8D0B22EF136A100656F6F /* Build configuration list for PBXNativeTarget "EduardoKirk" */;
			buildPhases = (
				1AD8D08D2EF136A000656F6F /* Sources */,
				1AD8D08E2EF136A000656F6F /* Frameworks */,
				1AD8D08F2EF136A000656F6F /* Resources */,
			);
			buildRules = (
			);
			dependencies = (
			);
			fileSystemSynchronizedGroups = (
				1AD8D0932EF136A000656F6F /* EduardoKirk */,
			);
			name = EduardoKirk;
			packageProductDependencies = (
			);
			productName = EduardoKirk;
			productReference = 1AD8D0912EF136A000656F6F /* EduardoKirk.app */;
			productType = "com.apple.product-type.application";
		};
		1AD8D09D2EF136A100656F6F /* EduardoKirkTests */ = {
			isa = PBXNativeTarget;
			buildConfigurationList = 1AD8D0B52EF136A100656F6F /* Build configuration list for PBXNativeTarget "EduardoKirkTests" */;
			buildPhases = (
				1AD8D09A2EF136A100656F6F /* Sources */,
				1AD8D09B2EF136A100656F6F /* Frameworks */,
				1AD8D09C2EF136A100656F6F /* Resources */,
			);
			buildRules = (
			);
			dependencies = (
				1AD8D0A02EF136A100656F6F /* PBXTargetDependency */,
			);
			fileSystemSynchronizedGroups = (
				1AD8D0A12EF136A100656F6F /* EduardoKirkTests */,
			);
			name = EduardoKirkTests;
			packageProductDependencies = (
			);
			productName = EduardoKirkTests;
			productReference = 1AD8D09E2EF136A100656F6F /* EduardoKirkTests.xctest */;
			productType = "com.apple.product-type.bundle.unit-test";
		};
		1AD8D0A72EF136A100656F6F /* EduardoKirkUITests */ = {
			isa = PBXNativeTarget;
			buildConfigurationList = 1AD8D0B82EF136A100656F6F /* Build configuration list for PBXNativeTarget "EduardoKirkUITests" */;
			buildPhases = (
				1AD8D0A42EF136A100656F6F /* Sources */,
				1AD8D0A52EF136A100656F6F /* Frameworks */,
				1AD8D0A62EF136A100656F6F /* Resources */,
			);
			buildRules = (
			);
			dependencies = (
				1AD8D0AA2EF136A100656F6F /* PBXTargetDependency */,
			);
			fileSystemSynchronizedGroups = (
				1AD8D0AB2EF136A100656F6F /* EduardoKirkUITests */,
			);
			name = EduardoKirkUITests;
			packageProductDependencies = (
			);
			productName = EduardoKirkUITests;
			productReference = 1AD8D0A82EF136A100656F6F /* EduardoKirkUITests.xctest */;
			productType = "com.apple.product-type.bundle.ui-testing";
		};
/* End PBXNativeTarget section */

/* Begin PBXProject section */
		1AD8D0892EF136A000656F6F /* Project object */ = {
			isa = PBXProject;
			attributes = {
				BuildIndependentTargetsInParallel = 1;
				LastSwiftUpdateCheck = 2620;
				LastUpgradeCheck = 2620;
				TargetAttributes = {
					1A3566542EF2F3FC00AF587A = {
						CreatedOnToolsVersion = 26.2;
					};
					1AD8D0902EF136A000656F6F = {
						CreatedOnToolsVersion = 26.2;
					};
					1AD8D09D2EF136A100656F6F = {
						CreatedOnToolsVersion = 26.2;
						TestTargetID = 1AD8D0902EF136A000656F6F;
					};
					1AD8D0A72EF136A100656F6F = {
						CreatedOnToolsVersion = 26.2;
						TestTargetID = 1AD8D0902EF136A000656F6F;
					};
				};
			};
			buildConfigurationList = 1AD8D08C2EF136A000656F6F /* Build configuration list for PBXProject "EduardoKirk" */;
			developmentRegion = en;
			hasScannedForEncodings = 0;
			knownRegions = (
				en,
				Base,
			);
			mainGroup = 1AD8D0882EF136A000656F6F;
			minimizedProjectReferenceProxies = 1;
			preferredProjectObjectVersion = 77;
			productRefGroup = 1AD8D0922EF136A000656F6F /* Products */;
			projectDirPath = "";
			projectRoot = "";
			targets = (
				1AD8D0902EF136A000656F6F /* EduardoKirk */,
				1AD8D09D2EF136A100656F6F /* EduardoKirkTests */,
				1AD8D0A72EF136A100656F6F /* EduardoKirkUITests */,
				1A3566542EF2F3FC00AF587A /* EduardoKirkCommand */,
			);
		};
/* End PBXProject section */

/* Begin PBXResourcesBuildPhase section */
		1AD8D08F2EF136A000656F6F /* Resources */ = {
			isa = PBXResourcesBuildPhase;
			buildActionMask = 2147483647;
			files = (
			);
			runOnlyForDeploymentPostprocessing = 0;
		};
		1AD8D09C2EF136A100656F6F /* Resources */ = {
			isa = PBXResourcesBuildPhase;
			buildActionMask = 2147483647;
			files = (
			);
			runOnlyForDeploymentPostprocessing = 0;
		};
		1AD8D0A62EF136A100656F6F /* Resources */ = {
			isa = PBXResourcesBuildPhase;
			buildActionMask = 2147483647;
			files = (
			);
			runOnlyForDeploymentPostprocessing = 0;
		};
/* End PBXResourcesBuildPhase section */

/* Begin PBXSourcesBuildPhase section */
		1A3566512EF2F3FC00AF587A /* Sources */ = {
			isa = PBXSourcesBuildPhase;
			buildActionMask = 2147483647;
			files = (
			);
			runOnlyForDeploymentPostprocessing = 0;
		};
		1AD8D08D2EF136A000656F6F /* Sources */ = {
			isa = PBXSourcesBuildPhase;
			buildActionMask = 2147483647;
			files = (
			);
			runOnlyForDeploymentPostprocessing = 0;
		};
		1AD8D09A2EF136A100656F6F /* Sources */ = {
			isa = PBXSourcesBuildPhase;
			buildActionMask = 2147483647;
			files = (
			);
			runOnlyForDeploymentPostprocessing = 0;
		};
		1AD8D0A42EF136A100656F6F /* Sources */ = {
			isa = PBXSourcesBuildPhase;
			buildActionMask = 2147483647;
			files = (
			);
			runOnlyForDeploymentPostprocessing = 0;
		};
/* End PBXSourcesBuildPhase section */

/* Begin PBXTargetDependency section */
		1AD8D0A02EF136A100656F6F /* PBXTargetDependency */ = {
			isa = PBXTargetDependency;
			target = 1AD8D0902EF136A000656F6F /* EduardoKirk */;
			targetProxy = 1AD8D09F2EF136A100656F6F /* PBXContainerItemProxy */;
		};
		1AD8D0AA2EF136A100656F6F /* PBXTargetDependency */ = {
			isa = PBXTargetDependency;
			target = 1AD8D0902EF136A000656F6F /* EduardoKirk */;
			targetProxy = 1AD8D0A92EF136A100656F6F /* PBXContainerItemProxy */;
		};
/* End PBXTargetDependency section */

/* Begin XCBuildConfiguration section */
		1A3566592EF2F3FC00AF587A /* Debug */ = {
			isa = XCBuildConfiguration;
			buildSettings = {
				CODE_SIGN_STYLE = Automatic;
				MACOSX_DEPLOYMENT_TARGET = 14.6;
				PRODUCT_NAME = "$(TARGET_NAME)";
				SWIFT_APPROACHABLE_CONCURRENCY = YES;
				SWIFT_UPCOMING_FEATURE_MEMBER_IMPORT_VISIBILITY = YES;
				SWIFT_VERSION = 5.0;
			};
			name = Debug;
		};
		1A35665A2EF2F3FC00AF587A /* Release */ = {
			isa = XCBuildConfiguration;
			buildSettings = {
				CODE_SIGN_STYLE = Automatic;
				MACOSX_DEPLOYMENT_TARGET = 14.6;
				PRODUCT_NAME = "$(TARGET_NAME)";
				SWIFT_APPROACHABLE_CONCURRENCY = YES;
				SWIFT_UPCOMING_FEATURE_MEMBER_IMPORT_VISIBILITY = YES;
				SWIFT_VERSION = 5.0;
			};
			name = Release;
		};
		1AD8D0B02EF136A100656F6F /* Debug */ = {
			isa = XCBuildConfiguration;
			buildSettings = {
				ALWAYS_SEARCH_USER_PATHS = NO;
				ASSETCATALOG_COMPILER_GENERATE_SWIFT_ASSET_SYMBOL_EXTENSIONS = YES;
				CLANG_ANALYZER_NONNULL = YES;
				CLANG_ANALYZER_NUMBER_OBJECT_CONVERSION = YES_AGGRESSIVE;
				CLANG_CXX_LANGUAGE_STANDARD = "gnu++20";
				CLANG_ENABLE_MODULES = YES;
				CLANG_ENABLE_OBJC_ARC = YES;
				CLANG_ENABLE_OBJC_WEAK = YES;
				CLANG_WARN_BLOCK_CAPTURE_AUTORELEASING = YES;
				CLANG_WARN_BOOL_CONVERSION = YES;
				CLANG_WARN_COMMA = YES;
				CLANG_WARN_CONSTANT_CONVERSION = YES;
				CLANG_WARN_DEPRECATED_OBJC_IMPLEMENTATIONS = YES;
				CLANG_WARN_DIRECT_OBJC_ISA_USAGE = YES_ERROR;
				CLANG_WARN_DOCUMENTATION_COMMENTS = YES;
				CLANG_WARN_EMPTY_BODY = YES;
				CLANG_WARN_ENUM_CONVERSION = YES;
				CLANG_WARN_INFINITE_RECURSION = YES;
				CLANG_WARN_INT_CONVERSION = YES;
				CLANG_WARN_NON_LITERAL_NULL_CONVERSION = YES;
				CLANG_WARN_OBJC_IMPLICIT_RETAIN_SELF = YES;
				CLANG_WARN_OBJC_LITERAL_CONVERSION = YES;
				CLANG_WARN_OBJC_ROOT_CLASS = YES_ERROR;
				CLANG_WARN_QUOTED_INCLUDE_IN_FRAMEWORK_HEADER = YES;
				CLANG_WARN_RANGE_LOOP_ANALYSIS = YES;
				CLANG_WARN_STRICT_PROTOTYPES = YES;
				CLANG_WARN_SUSPICIOUS_MOVE = YES;
				CLANG_WARN_UNGUARDED_AVAILABILITY = YES_AGGRESSIVE;
				CLANG_WARN_UNREACHABLE_CODE = YES;
				CLANG_WARN__DUPLICATE_METHOD_MATCH = YES;
				COPY_PHASE_STRIP = NO;
				DEBUG_INFORMATION_FORMAT = dwarf;
				ENABLE_STRICT_OBJC_MSGSEND = YES;
				ENABLE_TESTABILITY = YES;
				ENABLE_USER_SCRIPT_SANDBOXING = YES;
				GCC_C_LANGUAGE_STANDARD = gnu17;
				GCC_DYNAMIC_NO_PIC = NO;
				GCC_NO_COMMON_BLOCKS = YES;
				GCC_OPTIMIZATION_LEVEL = 0;
				GCC_PREPROCESSOR_DEFINITIONS = (
					"DEBUG=1",
					"$(inherited)",
				);
				GCC_WARN_64_TO_32_BIT_CONVERSION = YES;
				GCC_WARN_ABOUT_RETURN_TYPE = YES_ERROR;
				GCC_WARN_UNDECLARED_SELECTOR = YES;
				GCC_WARN_UNINITIALIZED_AUTOS = YES_AGGRESSIVE;
				GCC_WARN_UNUSED_FUNCTION = YES;
				GCC_WARN_UNUSED_VARIABLE = YES;
				LOCALIZATION_PREFERS_STRING_CATALOGS = YES;
				MACOSX_DEPLOYMENT_TARGET = 15.7;
				MTL_ENABLE_DEBUG_INFO = INCLUDE_SOURCE;
				MTL_FAST_MATH = YES;
				ONLY_ACTIVE_ARCH = YES;
				SDKROOT = macosx;
				SWIFT_ACTIVE_COMPILATION_CONDITIONS = "DEBUG $(inherited)";
				SWIFT_OPTIMIZATION_LEVEL = "-Onone";
			};
			name = Debug;
		};
		1AD8D0B12EF136A100656F6F /* Release */ = {
			isa = XCBuildConfiguration;
			buildSettings = {
				ALWAYS_SEARCH_USER_PATHS = NO;
				ASSETCATALOG_COMPILER_GENERATE_SWIFT_ASSET_SYMBOL_EXTENSIONS = YES;
				CLANG_ANALYZER_NONNULL = YES;
				CLANG_ANALYZER_NUMBER_OBJECT_CONVERSION = YES_AGGRESSIVE;
				CLANG_CXX_LANGUAGE_STANDARD = "gnu++20";
				CLANG_ENABLE_MODULES = YES;
				CLANG_ENABLE_OBJC_ARC = YES;
				CLANG_ENABLE_OBJC_WEAK = YES;
				CLANG_WARN_BLOCK_CAPTURE_AUTORELEASING = YES;
				CLANG_WARN_BOOL_CONVERSION = YES;
				CLANG_WARN_COMMA = YES;
				CLANG_WARN_CONSTANT_CONVERSION = YES;
				CLANG_WARN_DEPRECATED_OBJC_IMPLEMENTATIONS = YES;
				CLANG_WARN_DIRECT_OBJC_ISA_USAGE = YES_ERROR;
				CLANG_WARN_DOCUMENTATION_COMMENTS = YES;
				CLANG_WARN_EMPTY_BODY = YES;
				CLANG_WARN_ENUM_CONVERSION = YES;
				CLANG_WARN_INFINITE_RECURSION = YES;
				CLANG_WARN_INT_CONVERSION = YES;
				CLANG_WARN_NON_LITERAL_NULL_CONVERSION = YES;
				CLANG_WARN_OBJC_IMPLICIT_RETAIN_SELF = YES;
				CLANG_WARN_OBJC_LITERAL_CONVERSION = YES;
				CLANG_WARN_OBJC_ROOT_CLASS = YES_ERROR;
				CLANG_WARN_QUOTED_INCLUDE_IN_FRAMEWORK_HEADER = YES;
				CLANG_WARN_RANGE_LOOP_ANALYSIS = YES;
				CLANG_WARN_STRICT_PROTOTYPES = YES;
				CLANG_WARN_SUSPICIOUS_MOVE = YES;
				CLANG_WARN_UNGUARDED_AVAILABILITY = YES_AGGRESSIVE;
				CLANG_WARN_UNREACHABLE_CODE = YES;
				CLANG_WARN__DUPLICATE_METHOD_MATCH = YES;
				COPY_PHASE_STRIP = NO;
				DEBUG_INFORMATION_FORMAT = "dwarf-with-dsym";
				ENABLE_NS_ASSERTIONS = NO;
				ENABLE_STRICT_OBJC_MSGSEND = YES;
				ENABLE_USER_SCRIPT_SANDBOXING = YES;
				GCC_C_LANGUAGE_STANDARD = gnu17;
				GCC_NO_COMMON_BLOCKS = YES;
				GCC_WARN_64_TO_32_BIT_CONVERSION = YES;
				GCC_WARN_ABOUT_RETURN_TYPE = YES_ERROR;
				GCC_WARN_UNDECLARED_SELECTOR = YES;
				GCC_WARN_UNINITIALIZED_AUTOS = YES_AGGRESSIVE;
				GCC_WARN_UNUSED_FUNCTION = YES;
				GCC_WARN_UNUSED_VARIABLE = YES;
				LOCALIZATION_PREFERS_STRING_CATALOGS = YES;
				MACOSX_DEPLOYMENT_TARGET = 15.7;
				MTL_ENABLE_DEBUG_INFO = NO;
				MTL_FAST_MATH = YES;
				SDKROOT = macosx;
				SWIFT_COMPILATION_MODE = wholemodule;
			};
			name = Release;
		};
		1AD8D0B32EF136A100656F6F /* Debug */ = {
			isa = XCBuildConfiguration;
			buildSettings = {
				ASSETCATALOG_COMPILER_APPICON_NAME = AppIcon;
				ASSETCATALOG_COMPILER_GLOBAL_ACCENT_COLOR_NAME = AccentColor;
				CODE_SIGN_STYLE = Automatic;
				COMBINE_HIDPI_IMAGES = YES;
				CURRENT_PROJECT_VERSION = 1;
				ENABLE_APP_SANDBOX = YES;
				ENABLE_PREVIEWS = YES;
				ENABLE_USER_SELECTED_FILES = readonly;
				GENERATE_INFOPLIST_FILE = YES;
				INFOPLIST_KEY_NSHumanReadableCopyright = "";
				LD_RUNPATH_SEARCH_PATHS = (
					"$(inherited)",
					"@executable_path/../Frameworks",
				);
				MACOSX_DEPLOYMENT_TARGET = 14.6;
				MARKETING_VERSION = 0.1.8;
				PRODUCT_BUNDLE_IDENTIFIER = io.github.ohataken.EduardoKirk;
				PRODUCT_NAME = "$(TARGET_NAME)";
				REGISTER_APP_GROUPS = YES;
				STRING_CATALOG_GENERATE_SYMBOLS = YES;
				SWIFT_APPROACHABLE_CONCURRENCY = YES;
				SWIFT_DEFAULT_ACTOR_ISOLATION = MainActor;
				SWIFT_EMIT_LOC_STRINGS = YES;
				SWIFT_UPCOMING_FEATURE_MEMBER_IMPORT_VISIBILITY = YES;
				SWIFT_VERSION = 5.0;
			};
			name = Debug;
		};
		1AD8D0B42EF136A100656F6F /* Release */ = {
			isa = XCBuildConfiguration;
			buildSettings = {
				ASSETCATALOG_COMPILER_APPICON_NAME = AppIcon;
				ASSETCATALOG_COMPILER_GLOBAL_ACCENT_COLOR_NAME = AccentColor;
				CODE_SIGN_STYLE = Automatic;
				COMBINE_HIDPI_IMAGES = YES;
				CURRENT_PROJECT_VERSION = 1;
				ENABLE_APP_SANDBOX = YES;
				ENABLE_PREVIEWS = YES;
				ENABLE_USER_SELECTED_FILES = readonly;
				GENERATE_INFOPLIST_FILE = YES;
				INFOPLIST_KEY_NSHumanReadableCopyright = "";
				LD_RUNPATH_SEARCH_PATHS = (
					"$(inherited)",
					"@executable_path/../Frameworks",
				);
				MACOSX_DEPLOYMENT_TARGET = 14.6;
				MARKETING_VERSION = 0.1.8;
				PRODUCT_BUNDLE_IDENTIFIER = io.github.ohataken.EduardoKirk;
				PRODUCT_NAME = "$(TARGET_NAME)";
				REGISTER_APP_GROUPS = YES;
				STRING_CATALOG_GENERATE_SYMBOLS = YES;
				SWIFT_APPROACHABLE_CONCURRENCY = YES;
				SWIFT_DEFAULT_ACTOR_ISOLATION = MainActor;
				SWIFT_EMIT_LOC_STRINGS = YES;
				SWIFT_UPCOMING_FEATURE_MEMBER_IMPORT_VISIBILITY = YES;
				SWIFT_VERSION = 5.0;
			};
			name = Release;
		};
		1AD8D0B62EF136A100656F6F /* Debug */ = {
			isa = XCBuildConfiguration;
			buildSettings = {
				BUNDLE_LOADER = "$(TEST_HOST)";
				CODE_SIGN_STYLE = Automatic;
				CURRENT_PROJECT_VERSION = 1;
				GENERATE_INFOPLIST_FILE = YES;
				MACOSX_DEPLOYMENT_TARGET = 15.7;
				MARKETING_VERSION = 1.0;
				PRODUCT_BUNDLE_IDENTIFIER = io.github.ohataken.EduardoKirkTests;
				PRODUCT_NAME = "$(TARGET_NAME)";
				STRING_CATALOG_GENERATE_SYMBOLS = NO;
				SWIFT_APPROACHABLE_CONCURRENCY = YES;
				SWIFT_EMIT_LOC_STRINGS = NO;
				SWIFT_UPCOMING_FEATURE_MEMBER_IMPORT_VISIBILITY = YES;
				SWIFT_VERSION = 5.0;
				TEST_HOST = "$(BUILT_PRODUCTS_DIR)/EduardoKirk.app/$(BUNDLE_EXECUTABLE_FOLDER_PATH)/EduardoKirk";
			};
			name = Debug;
		};
		1AD8D0B72EF136A100656F6F /* Release */ = {
			isa = XCBuildConfiguration;
			buildSettings = {
				BUNDLE_LOADER = "$(TEST_HOST)";
				CODE_SIGN_STYLE = Automatic;
				CURRENT_PROJECT_VERSION = 1;
				GENERATE_INFOPLIST_FILE = YES;
				MACOSX_DEPLOYMENT_TARGET = 15.7;
				MARKETING_VERSION = 1.0;
				PRODUCT_BUNDLE_IDENTIFIER = io.github.ohataken.EduardoKirkTests;
				PRODUCT_NAME = "$(TARGET_NAME)";
				STRING_CATALOG_GENERATE_SYMBOLS = NO;
				SWIFT_APPROACHABLE_CONCURRENCY = YES;
				SWIFT_EMIT_LOC_STRINGS = NO;
				SWIFT_UPCOMING_FEATURE_MEMBER_IMPORT_VISIBILITY = YES;
				SWIFT_VERSION = 5.0;
				TEST_HOST = "$(BUILT_PRODUCTS_DIR)/EduardoKirk.app/$(BUNDLE_EXECUTABLE_FOLDER_PATH)/EduardoKirk";
			};
			name = Release;
		};
		1AD8D0B92EF136A100656F6F /* Debug */ = {
			isa = XCBuildConfiguration;
			buildSettings = {
				CODE_SIGN_STYLE = Automatic;
				CURRENT_PROJECT_VERSION = 1;
				GENERATE_INFOPLIST_FILE = YES;
				MARKETING_VERSION = 1.0;
				PRODUCT_BUNDLE_IDENTIFIER = io.github.ohataken.EduardoKirkUITests;
				PRODUCT_NAME = "$(TARGET_NAME)";
				STRING_CATALOG_GENERATE_SYMBOLS = NO;
				SWIFT_APPROACHABLE_CONCURRENCY = YES;
				SWIFT_EMIT_LOC_STRINGS = NO;
				SWIFT_UPCOMING_FEATURE_MEMBER_IMPORT_VISIBILITY = YES;
				SWIFT_VERSION = 5.0;
				TEST_TARGET_NAME = EduardoKirk;
			};
			name = Debug;
		};
		1AD8D0BA2EF136A100656F6F /* Release */ = {
			isa = XCBuildConfiguration;
			buildSettings = {
				CODE_SIGN_STYLE = Automatic;
				CURRENT_PROJECT_VERSION = 1;
				GENERATE_INFOPLIST_FILE = YES;
				MARKETING_VERSION = 1.0;
				PRODUCT_BUNDLE_IDENTIFIER = io.github.ohataken.EduardoKirkUITests;
				PRODUCT_NAME = "$(TARGET_NAME)";
				STRING_CATALOG_GENERATE_SYMBOLS = NO;
				SWIFT_APPROACHABLE_CONCURRENCY = YES;
				SWIFT_EMIT_LOC_STRINGS = NO;
				SWIFT_UPCOMING_FEATURE_MEMBER_IMPORT_VISIBILITY = YES;
				SWIFT_VERSION = 5.0;
				TEST_TARGET_NAME = EduardoKirk;
			};
			name = Release;
		};
/* End XCBuildConfiguration section */

/* Begin XCConfigurationList section */
		1A35665B2EF2F3FC00AF587A /* Build configuration list for PBXNativeTarget "EduardoKirkCommand" */ = {
			isa = XCConfigurationList;
			buildConfigurations = (
				1A3566592EF2F3FC00AF587A /* Debug */,
				1A35665A2EF2F3FC00AF587A /* Release */,
			);
			defaultConfigurationIsVisible = 0;
			defaultConfigurationName = Release;
		};
		1AD8D08C2EF136A000656F6F /* Build configuration list for PBXProject "EduardoKirk" */ = {
			isa = XCConfigurationList;
			buildConfigurations = (
				1AD8D0B02EF136A100656F6F /* Debug */,
				1AD8D0B12EF136A100656F6F /* Release */,
			);
			defaultConfigurationIsVisible = 0;
			defaultConfigurationName = Release;
		};
		1AD8D0B22EF136A100656F6F /* Build configuration list for PBXNativeTarget "EduardoKirk" */ = {
			isa = XCConfigurationList;
			buildConfigurations = (
				1AD8D0B32EF136A100656F6F /* Debug */,
				1AD8D0B42EF136A100656F6F /* Release */,
			);
			defaultConfigurationIsVisible = 0;
			defaultConfigurationName = Release;
		};
		1AD8D0B52EF136A100656F6F /* Build configuration list for PBXNativeTarget "EduardoKirkTests" */ = {
			isa = XCConfigurationList;
			buildConfigurations = (
				1AD8D0B62EF136A100656F6F /* Debug */,
				1AD8D0B72EF136A100656F6F /* Release */,
			);
			defaultConfigurationIsVisible = 0;
			defaultConfigurationName = Release;
		};
		1AD8D0B82EF136A100656F6F /* Build configuration list for PBXNativeTarget "EduardoKirkUITests" */ = {
			isa = XCConfigurationList;
			buildConfigurations = (
				1AD8D0B92EF136A100656F6F /* Debug */,
				1AD8D0BA2EF136A100656F6F /* Release */,
			);
			defaultConfigurationIsVisible = 0;
			defaultConfigurationName = Release;
		};
/* End XCConfigurationList section */
	};
	rootObject = 1AD8D0892EF136A000656F6F /* Project object */;
}
